<?xml version="1.0" encoding="utf-8"?>
<Project ToolsVersion="4.0" xmlns="http://schemas.microsoft.com/developer/msbuild/2003">
  <ItemGroup>
    <Filter Include="Solver">
      <UniqueIdentifier>{93995380-89BD-4b04-88EB-625FBE52EBFB}</UniqueIdentifier>
      <Extensions>h;hpp;hxx;hm;inl;inc;xsd</Extensions>
    </Filter>
    <Filter Include="Logger">
      <UniqueIdentifier>{c400d884-10e5-4540-8ec1-27c58d7613e5}</UniqueIdentifier>
    </Filter>
  </ItemGroup>
  <ItemGroup>
    <ClCompile Include="Solver.cpp">
      <Filter>Solver</Filter>
    </ClCompile>
    <ClCompile Include="main.cpp" />
    <ClCompile Include="Logger.cpp">
      <Filter>Logger</Filter>
    </ClCompile>
    <ClCompile Include="SolverSetting.cpp">
      <Filter>Solver</Filter>
    </ClCompile>
  </ItemGroup>
  <ItemGroup>
    <ClInclude Include="Solver.h">
      <Filter>Solver</Filter>
    </ClInclude>
    <ClInclude Include="Logger.h">
      <Filter>Logger</Filter>
    </ClInclude>
    <ClInclude Include="SolverSetting.h">
      <Filter>Solver</Filter>
    </ClInclude>
    <ClInclude Include="Simulator.hpp" />
  </ItemGroup>
</Project>